<?xml version="1.0" encoding="utf-8"?>
<Project ToolsVersion="4.0" xmlns="http://schemas.microsoft.com/developer/msbuild/2003">
  <ItemGroup>
    <Filter Include="Source Files">
      <UniqueIdentifier>{4FC737F1-C7A5-4376-A066-2A32D752A2FF}</UniqueIdentifier>
      <Extensions>cpp;c;cc;cxx;def;odl;idl;hpj;bat;asm;asmx</Extensions>
    </Filter>
    <Filter Include="Header Files">
      <UniqueIdentifier>{93995380-89BD-4b04-88EB-625FBE52EBFB}</UniqueIdentifier>
      <Extensions>h;hh;hpp;hxx;hm;inl;inc;xsd</Extensions>
    </Filter>
    <Filter Include="Resource Files">
      <UniqueIdentifier>{67DA6AB6-F800-4c08-8B7A-83BB121AAD01}</UniqueIdentifier>
      <Extensions>rc;ico;cur;bmp;dlg;rc2;rct;bin;rgs;gif;jpg;jpeg;jpe;resx;tiff;tif;png;wav;mfcribbon-ms</Extensions>
    </Filter>
    <Filter Include="Header Files\record">
      <UniqueIdentifier>{7ade1b27-b458-4554-a3dc-fb8003626448}</UniqueIdentifier>
    </Filter>
    <Filter Include="Source Files\record">
      <UniqueIdentifier>{32effb24-7c4f-47e1-833e-412c9135ffae}</UniqueIdentifier>
    </Filter>
    <Filter Include="Header Files\common">
      <UniqueIdentifier>{4def5ebd-862e-45c8-9a80-11ff6131150e}</UniqueIdentifier>
    </Filter>
    <Filter Include="Header Files\encode">
      <UniqueIdentifier>{2397926d-4051-4de3-8076-c8a69ef2db02}</UniqueIdentifier>
    </Filter>
    <Filter Include="Source Files\encode">
      <UniqueIdentifier>{295a50c9-e24b-42d1-8dbf-46ed487202d2}</UniqueIdentifier>
    </Filter>
    <Filter Include="Header Files\filter">
      <UniqueIdentifier>{140edb8d-2e67-4ce3-b960-7a42b5a58c28}</UniqueIdentifier>
    </Filter>
    <Filter Include="Source Files\filter">
      <UniqueIdentifier>{10748ba5-7892-4856-96de-31f18f0e3fe5}</UniqueIdentifier>
    </Filter>
    <Filter Include="Header Files\mux">
      <UniqueIdentifier>{233d1ec4-c88e-47cd-93a4-4b8c4d47f79f}</UniqueIdentifier>
    </Filter>
    <Filter Include="Source Files\mux">
      <UniqueIdentifier>{6641c165-579a-4dca-a8b8-e602ffeae9bd}</UniqueIdentifier>
    </Filter>
    <Filter Include="Header Files\sws">
      <UniqueIdentifier>{4139c26a-c5a5-406b-9869-ba28894a9262}</UniqueIdentifier>
    </Filter>
    <Filter Include="Source Files\sws">
      <UniqueIdentifier>{29042d40-20e3-4d84-93f7-ca8a4a187e0a}</UniqueIdentifier>
    </Filter>
    <Filter Include="Header Files\resample">
      <UniqueIdentifier>{24fd91d8-c7b2-4f33-810f-11fae379799c}</UniqueIdentifier>
    </Filter>
    <Filter Include="Source Files\resample">
      <UniqueIdentifier>{5a993982-fd09-4bd3-816b-89b68525b3f6}</UniqueIdentifier>
    </Filter>
  </ItemGroup>
  <ItemGroup>
    <ClInclude Include="desktop_common_define.h">
      <Filter>Header Files\common</Filter>
    </ClInclude>
    <ClInclude Include="headers_ffmpeg.h">
      <Filter>Header Files\common</Filter>
    </ClInclude>
    <ClInclude Include="record_desktop.h">
      <Filter>Header Files\record</Filter>
    </ClInclude>
    <ClInclude Include="record_desktop_factory.h">
      <Filter>Header Files\record</Filter>
    </ClInclude>
    <ClInclude Include="record_desktop_ffmpeg_gdi.h">
      <Filter>Header Files\record</Filter>
    </ClInclude>
    <ClInclude Include="error_define.h">
      <Filter>Header Files\common</Filter>
    </ClInclude>
    <ClInclude Include="encode_264.h">
      <Filter>Header Files\encode</Filter>
    </ClInclude>
    <ClInclude Include="ring_buffer.h">
      <Filter>Header Files\common</Filter>
    </ClInclude>
    <ClInclude Include="audio_common_define.h">
      <Filter>Header Files\common</Filter>
    </ClInclude>
    <ClInclude Include="record_audio.h">
      <Filter>Header Files\record</Filter>
    </ClInclude>
    <ClInclude Include="record_audio_factory.h">
      <Filter>Header Files\record</Filter>
    </ClInclude>
    <ClInclude Include="record_audio_dshow.h">
      <Filter>Header Files\record</Filter>
    </ClInclude>
    <ClInclude Include="encode_aac.h">
      <Filter>Header Files\encode</Filter>
    </ClInclude>
    <ClInclude Include="filter_audio.h">
      <Filter>Header Files\filter</Filter>
    </ClInclude>
    <ClInclude Include="mux_define.h">
      <Filter>Header Files\common</Filter>
    </ClInclude>
    <ClInclude Include="mux_file.h">
      <Filter>Header Files\mux</Filter>
    </ClInclude>
    <ClInclude Include="mux_mp4.h">
      <Filter>Header Files\mux</Filter>
    </ClInclude>
    <ClInclude Include="sws_video.h">
      <Filter>Header Files\sws</Filter>
    </ClInclude>
    <ClInclude Include="resample_audio.h">
      <Filter>Header Files\resample</Filter>
    </ClInclude>
  </ItemGroup>
  <ItemGroup>
    <ClCompile Include="Recorder.cpp">
      <Filter>Source Files</Filter>
    </ClCompile>
    <ClCompile Include="record_desktop.cpp">
      <Filter>Source Files\record</Filter>
    </ClCompile>
    <ClCompile Include="record_desktop_factory.cpp">
      <Filter>Source Files\record</Filter>
    </ClCompile>
    <ClCompile Include="record_desktop_ffmpeg_gdi.cpp">
      <Filter>Source Files\record</Filter>
    </ClCompile>
    <ClCompile Include="encode_264.cpp">
      <Filter>Source Files\encode</Filter>
    </ClCompile>
    <ClCompile Include="record_audio.cpp">
      <Filter>Source Files\record</Filter>
    </ClCompile>
    <ClCompile Include="record_audio_factory.cpp">
      <Filter>Source Files\record</Filter>
    </ClCompile>
    <ClCompile Include="record_audio_dshow.cpp">
      <Filter>Source Files\record</Filter>
    </ClCompile>
    <ClCompile Include="encode_aac.cpp">
      <Filter>Source Files\encode</Filter>
    </ClCompile>
    <ClCompile Include="filter_audio.cpp">
      <Filter>Source Files\filter</Filter>
    </ClCompile>
    <ClCompile Include="mux_file.cpp">
      <Filter>Source Files\mux</Filter>
    </ClCompile>
    <ClCompile Include="mux_mp4.cpp">
      <Filter>Source Files\mux</Filter>
    </ClCompile>
    <ClCompile Include="sws_video.cpp">
      <Filter>Source Files\sws</Filter>
    </ClCompile>
    <ClCompile Include="resample_audio.cpp">
      <Filter>Source Files\resample</Filter>
    </ClCompile>
  </ItemGroup>
</Project>